github.com/BurntSushi/toml v0.3.1/go.mod h1:xHWCNGjB5oqiDr8zfno3MHue2Ht5sIBksp03qcyfWMU=
github.com/pkg/errors v0.8.1 h1:iURUrRGxPUNPdy5/HRSm+Yj6okJ6UtLINN0Q9M4+h3I=
github.com/pkg/errors v0.8.1/go.mod h1:bwawxfHBFNV+L2hUp1rHADufV3IMtnDRdf1r5NINEl0=
github.com/suzuki-shunsuke/go-cliutil v0.0.0-20181211154308-176f852d9bca h1:sWmTDahfBZizD2nPK04+zI1pnykXfRyT1Bu5qPY/t9M=
github.com/suzuki-shunsuke/go-cliutil v0.0.0-20181211154308-176f852d9bca/go.mod h1:Vq3NkhgmA9DT/2UZ08x/3A34xxvzQ/vTMABnTWKoMbY=
github.com/urfave/cli v1.21.0 h1:wYSSj06510qPIzGSua9ZqsncMmWE3Zr55KBERygyrxE=
github.com/urfave/cli v1.21.0/go.mod h1:lxDj6qX9Q6lWQxIrbrT0nwecwUtRnhVZAJjJZrVUZZQ=
gopkg.in/check.v1 v0.0.0-20161208181325-20d25e280405/go.mod h1:Co6ibVJAznAaIkqp8huTwlJQCZ016jof/cbN4VW5Yz0=
gopkg.in/yaml.v2 v2.2.2 h1:ZCJp+EgiOT7lHqUV2J862kp8Qj64Jo6az82+3Td9dZw=
gopkg.in/yaml.v2 v2.2.2/go.mod h1:hI93XBmqTisBFMUTm0b8Fm+jr3Dg1NNxqwp+5A1VGuI=
